
Microsoft Visual Studio Solution File, Format Version 12.00
# Visual Studio Version 17
VisualStudioVersion = 17.6.33815.320
MinimumVisualStudioVersion = 10.0.40219.1
Project("{9A19103F-16F7-4668-BE54-9A1E7A4F7556}") = "DatabaseConnectivity", "DatabaseConnectivity\DatabaseConnectivity.csproj", "{35B6C927-F65F-4177-9878-61962B1C3C68}"
EndProject
Project("{FAE04EC0-301F-11D3-BF4B-00C04F79EFBC}") = "MVC_Achitecture", "MVC_Achitecture\MVC_Achitecture.csproj", "{4A84DEC5-B65D-4CFF-8590-32BDA7B52D11}"
EndProject
Global
	GlobalSection(SolutionConfigurationPlatforms) = preSolution
		Debug|Any CPU = Debug|Any CPU
		Release|Any CPU = Release|Any CPU
	EndGlobalSection
	GlobalSection(ProjectConfigurationPlatforms) = postSolution
		{35B6C927-F65F-4177-9878-61962B1C3C68}.Debug|Any CPU.ActiveCfg = Debug|Any CPU
		{35B6C927-F65F-4177-9878-61962B1C3C68}.Debug|Any CPU.Build.0 = Debug|Any CPU
		{35B6C927-F65F-4177-9878-61962B1C3C68}.Release|Any CPU.ActiveCfg = Release|Any CPU
		{35B6C927-F65F-4177-9878-61962B1C3C68}.Release|Any CPU.Build.0 = Release|Any CPU
		{4A84DEC5-B65D-4CFF-8590-32BDA7B52D11}.Debug|Any CPU.ActiveCfg = Debug|Any CPU
		{4A84DEC5-B65D-4CFF-8590-32BDA7B52D11}.Debug|Any CPU.Build.0 = Debug|Any CPU
		{4A84DEC5-B65D-4CFF-8590-32BDA7B52D11}.Release|Any CPU.ActiveCfg = Release|Any CPU
		{4A84DEC5-B65D-4CFF-8590-32BDA7B52D11}.Release|Any CPU.Build.0 = Release|Any CPU
	EndGlobalSection
	GlobalSection(SolutionProperties) = preSolution
		HideSolutionNode = FALSE
	EndGlobalSection
	GlobalSection(ExtensibilityGlobals) = postSolution
		SolutionGuid = {18136470-31A0-487C-8CD6-15B9119EEC4D}
	EndGlobalSection
EndGlobal
